
Microsoft Visual Studio Solution File, Format Version 12.00
# Visual Studio Version 17
VisualStudioVersion = 17.3.32929.385
MinimumVisualStudioVersion = 10.0.40219.1
Project("{FAE04EC0-301F-11D3-BF4B-00C04F79EFBC}") = "3haftauygulama5", "3haftauygulama5\3haftauygulama5.csproj", "{6E607334-66AD-4608-9BBC-63E72E511294}"
EndProject
Global
	GlobalSection(SolutionConfigurationPlatforms) = preSolution
		Debug|Any CPU = Debug|Any CPU
		Release|Any CPU = Release|Any CPU
	EndGlobalSection
	GlobalSection(ProjectConfigurationPlatforms) = postSolution
		{6E607334-66AD-4608-9BBC-63E72E511294}.Debug|Any CPU.ActiveCfg = Debug|Any CPU
		{6E607334-66AD-4608-9BBC-63E72E511294}.Debug|Any CPU.Build.0 = Debug|Any CPU
		{6E607334-66AD-4608-9BBC-63E72E511294}.Release|Any CPU.ActiveCfg = Release|Any CPU
		{6E607334-66AD-4608-9BBC-63E72E511294}.Release|Any CPU.Build.0 = Release|Any CPU
	EndGlobalSection
	GlobalSection(SolutionProperties) = preSolution
		HideSolutionNode = FALSE
	EndGlobalSection
	GlobalSection(ExtensibilityGlobals) = postSolution
		SolutionGuid = {C9BB01A2-E01D-44B5-916D-F0720A6D70CB}
	EndGlobalSection
EndGlobal
